lockfileVersion: '9.0'

settings:
  autoInstallPeers: true
  excludeLinksFromLockfile: false

importers:

  .:
    dependencies:
      '@caffeineai/object-storage':
        specifier: ^0.1.1
        version: 0.1.1(@dfinity/agent@3.3.1(@dfinity/candid@3.3.1(@dfinity/principal@3.3.1))(@dfinity/principal@3.3.1)(@noble/hashes@1.8.0))(@dfinity/candid@3.3.1(@dfinity/principal@3.3.1))(@dfinity/identity-secp256k1@3.3.1(@dfinity/candid@3.3.1(@dfinity/principal@3.3.1))(@dfinity/principal@3.3.1)(@noble/curves@1.9.7)(@noble/hashes@1.8.0))(@dfinity/identity@3.3.1(@dfinity/agent@3.3.1(@dfinity/candid@3.3.1(@dfinity/principal@3.3.1))(@dfinity/principal@3.3.1)(@noble/hashes@1.8.0))(@dfinity/candid@3.3.1(@dfinity/principal@3.3.1))(@dfinity/principal@3.3.1)(@noble/curves@1.9.7)(@noble/hashes@1.8.0))(@dfinity/principal@3.3.1)
      '@dfinity/agent':
        specifier: ~3.3.0
        version: 3.3.1(@dfinity/candid@3.3.1(@dfinity/principal@3.3.1))(@dfinity/principal@3.3.1)(@noble/hashes@1.8.0)
      '@dfinity/candid':
        specifier: ~3.3.0
        version: 3.3.1(@dfinity/principal@3.3.1)
      '@dfinity/identity':
        specifier: ~3.3.0
        version: 3.3.1(@dfinity/agent@3.3.1(@dfinity/candid@3.3.1(@dfinity/principal@3.3.1))(@dfinity/principal@3.3.1)(@noble/hashes@1.8.0))(@dfinity/candid@3.3.1(@dfinity/principal@3.3.1))(@dfinity/principal@3.3.1)(@noble/curves@1.9.7)(@noble/hashes@1.8.0)
      '@dfinity/principal':
        specifier: ~3.3.0
        version: 3.3.1

packages:

  '@caffeineai/object-storage@0.1.1':
    resolution: {integrity: sha512-EUcLvxi8Y/2rNeV3R3J6DChFb0L3pHLh1W1CR9iHAOWDOWqVarXNgNcZvQjEhD5SzEzUMp5TdGZ8uLb43H1brQ==}

  '@dfinity/agent@3.3.1':
    resolution: {integrity: sha512-U1zWIiCgJmxNet2NpKN+2UgOcO/OFC+FqGEpIsvu964eH7FeEMagmSZ5xTIsXSL9sN0mR7gY5Fuz+bv5XSBJQg==}
    deprecated: 'This package has been deprecated. Use @icp-sdk/core/agent instead. Migration guide: https://js.icp.build/core/latest/upgrading/v5'
    peerDependencies:
      '@dfinity/candid': 3.3.1
      '@dfinity/principal': 3.3.1
      '@noble/hashes': ^1.8.0

  '@dfinity/candid@3.3.1':
    resolution: {integrity: sha512-BOvhZhQarrpA5ErwLwXW/M28nSx3e0ZlV0iyJ+MvH6SkFcZqATVBPA0rVn57uDtMFboT8TzlA3RoW+YBzHxLJQ==}
    deprecated: 'This package has been deprecated. Use @icp-sdk/core/candid instead. Migration guide: https://js.icp.build/core/latest/upgrading/v5'
    peerDependencies:
      '@dfinity/principal': 3.3.1

  '@dfinity/cbor@0.2.3':
    resolution: {integrity: sha512-5GX+9tAf29r94Pxv8nCzrv2/t+AkOfem/c/G61+FA2Wadq7THvc5cvr/AVLH0LpukVfNSWRRHvl1fkCdiB9MMQ==}

  '@dfinity/identity-secp256k1@3.3.1':
    resolution: {integrity: sha512-rGgcCm9wLQkxuluPdfPcl1P/KrwehLmjVIXc1lEPE01C0H2YK4bofxYrxCnHQQl8a8Ioc1dkpOl7TBUtXTkKHw==}
    deprecated: 'This package has been deprecated. Use @icp-sdk/core/identity/secp256k1 instead. Migration guide: https://js.icp.build/core/latest/upgrading/v5'
    peerDependencies:
      '@dfinity/candid': 3.3.1
      '@noble/curves': ^1.9.2
      '@noble/hashes': ^1.8.0

  '@dfinity/identity@3.3.1':
    resolution: {integrity: sha512-c+Grr7Mc7RephqBzRpdtySDg1to9pitb0wakXSk8902yg3BVc5vAsmbA3S1WwriY8+AMB06Dy2IZl/9Hot/Yhw==}
    deprecated: 'This package has been deprecated. Use @icp-sdk/core/identity instead. Migration guide: https://js.icp.build/core/latest/upgrading/v5'
    peerDependencies:
      '@dfinity/agent': 3.3.1
      '@dfinity/candid': 3.3.1
      '@dfinity/principal': 3.3.1
      '@noble/curves': ^1.9.2
      '@noble/hashes': ^1.8.0

  '@dfinity/principal@3.3.1':
    resolution: {integrity: sha512-UWloNRbDHSwVV/gec0CrtWm/cHODPgu+jgwn5iERheVwYCEp+yGXVIssUkJeN6wFxraqqCFcoBUvg7vtWM+GBg==}
    deprecated: 'This package has been deprecated. Use @icp-sdk/core/principal instead. Migration guide: https://js.icp.build/core/latest/upgrading/v5'

  '@icp-sdk/core@4.1.1':
    resolution: {integrity: sha512-IYWsRauSvmr3M3T85FPaRM9lhuIumavhmJVG69tiYYqQmayAt0X0veKSevO+vm9nzmymriYCOwXqi57NqYhufA==}
    peerDependencies:
      '@dfinity/agent': 3.3.1
      '@dfinity/candid': 3.3.1
      '@dfinity/identity': 3.3.1
      '@dfinity/identity-secp256k1': 3.3.1
      '@dfinity/principal': 3.3.1

  '@noble/curves@1.9.7':
    resolution: {integrity: sha512-gbKGcRUYIjA3/zCCNaWDciTMFI0dCkvou3TL8Zmy5Nc7sJ47a0jtOeZoTaMxkuqRo9cRhjOdZJXegxYE5FN/xw==}
    engines: {node: ^14.21.3 || >=16}

  '@noble/hashes@1.8.0':
    resolution: {integrity: sha512-jCs9ldd7NwzpgXDIf6P3+NrHh9/sD6CQdxHyjQI+h/6rDNo88ypBxxz45UDuZHz9r3tNz7N/VInSVoVdtXEI4A==}
    engines: {node: ^14.21.3 || >=16}

  '@scure/base@1.2.6':
    resolution: {integrity: sha512-g/nm5FgUa//MCj1gV09zTJTaM6KBAHqLN907YVQqf7zC49+DcO4B1so4ZX07Ef10Twr6nuqYEH9GEggFXA4Fmg==}

  '@scure/bip32@1.7.0':
    resolution: {integrity: sha512-E4FFX/N3f4B80AKWp5dP6ow+flD1LQZo/w8UnLGYZO674jS6YnYeepycOOksv+vLPSpgN35wgKgy+ybfTb2SMw==}

  '@scure/bip39@1.6.0':
    resolution: {integrity: sha512-+lF0BbLiJNwVlev4eKelw1WWLaiKXw7sSl8T6FvBlWkdX+94aGJ4o8XjUdlyhTCjd8c+B3KT3JfS8P0bLRNU6A==}

  asn1js@3.0.10:
    resolution: {integrity: sha512-S2s3aOytiKdFRdulw2qPE51MzjzVOisppcVv7jVFR+Kw0kxwvFrDcYA0h7Ndqbmj0HkMIXYWaoj7fli8kgx1eg==}
    engines: {node: '>=12.0.0'}

  pvtsutils@1.3.6:
    resolution: {integrity: sha512-PLgQXQ6H2FWCaeRak8vvk1GW462lMxB5s3Jm673N82zI4vqtVUPuZdffdZbPDFRoU8kAhItWFtPCWiPpp4/EDg==}

  pvutils@1.1.5:
    resolution: {integrity: sha512-KTqnxsgGiQ6ZAzZCVlJH5eOjSnvlyEgx1m8bkRJfOhmGRqfo5KLvmAlACQkrjEtOQ4B7wF9TdSLIs9O90MX9xA==}
    engines: {node: '>=16.0.0'}

  tslib@2.8.1:
    resolution: {integrity: sha512-oJFu94HQb+KVduSUQL7wnpmqnfmLsOA/nAh6b6EH0wCEoK0/mPeXU6c3wKDV83MkOuHPRHtSXKKU99IBazS/2w==}

snapshots:

  '@caffeineai/object-storage@0.1.1(@dfinity/agent@3.3.1(@dfinity/candid@3.3.1(@dfinity/principal@3.3.1))(@dfinity/principal@3.3.1)(@noble/hashes@1.8.0))(@dfinity/candid@3.3.1(@dfinity/principal@3.3.1))(@dfinity/identity-secp256k1@3.3.1(@dfinity/candid@3.3.1(@dfinity/principal@3.3.1))(@dfinity/principal@3.3.1)(@noble/curves@1.9.7)(@noble/hashes@1.8.0))(@dfinity/identity@3.3.1(@dfinity/agent@3.3.1(@dfinity/candid@3.3.1(@dfinity/principal@3.3.1))(@dfinity/principal@3.3.1)(@noble/hashes@1.8.0))(@dfinity/candid@3.3.1(@dfinity/principal@3.3.1))(@dfinity/principal@3.3.1)(@noble/curves@1.9.7)(@noble/hashes@1.8.0))(@dfinity/principal@3.3.1)':
    dependencies:
      '@icp-sdk/core': 4.1.1(@dfinity/agent@3.3.1(@dfinity/candid@3.3.1(@dfinity/principal@3.3.1))(@dfinity/principal@3.3.1)(@noble/hashes@1.8.0))(@dfinity/candid@3.3.1(@dfinity/principal@3.3.1))(@dfinity/identity-secp256k1@3.3.1(@dfinity/candid@3.3.1(@dfinity/principal@3.3.1))(@dfinity/principal@3.3.1)(@noble/curves@1.9.7)(@noble/hashes@1.8.0))(@dfinity/identity@3.3.1(@dfinity/agent@3.3.1(@dfinity/candid@3.3.1(@dfinity/principal@3.3.1))(@dfinity/principal@3.3.1)(@noble/hashes@1.8.0))(@dfinity/candid@3.3.1(@dfinity/principal@3.3.1))(@dfinity/principal@3.3.1)(@noble/curves@1.9.7)(@noble/hashes@1.8.0))(@dfinity/principal@3.3.1)
    transitivePeerDependencies:
      - '@dfinity/agent'
      - '@dfinity/candid'
      - '@dfinity/identity'
      - '@dfinity/identity-secp256k1'
      - '@dfinity/principal'

  '@dfinity/agent@3.3.1(@dfinity/candid@3.3.1(@dfinity/principal@3.3.1))(@dfinity/principal@3.3.1)(@noble/hashes@1.8.0)':
    dependencies:
      '@dfinity/candid': 3.3.1(@dfinity/principal@3.3.1)
      '@dfinity/cbor': 0.2.3
      '@dfinity/principal': 3.3.1
      '@noble/curves': 1.9.7
      '@noble/hashes': 1.8.0

  '@dfinity/candid@3.3.1(@dfinity/principal@3.3.1)':
    dependencies:
      '@dfinity/principal': 3.3.1

  '@dfinity/cbor@0.2.3': {}

  '@dfinity/identity-secp256k1@3.3.1(@dfinity/candid@3.3.1(@dfinity/principal@3.3.1))(@dfinity/principal@3.3.1)(@noble/curves@1.9.7)(@noble/hashes@1.8.0)':
    dependencies:
      '@dfinity/agent': 3.3.1(@dfinity/candid@3.3.1(@dfinity/principal@3.3.1))(@dfinity/principal@3.3.1)(@noble/hashes@1.8.0)
      '@dfinity/candid': 3.3.1(@dfinity/principal@3.3.1)
      '@noble/curves': 1.9.7
      '@noble/hashes': 1.8.0
      '@scure/bip32': 1.7.0
      '@scure/bip39': 1.6.0
      asn1js: 3.0.10
    transitivePeerDependencies:
      - '@dfinity/principal'

  '@dfinity/identity@3.3.1(@dfinity/agent@3.3.1(@dfinity/candid@3.3.1(@dfinity/principal@3.3.1))(@dfinity/principal@3.3.1)(@noble/hashes@1.8.0))(@dfinity/candid@3.3.1(@dfinity/principal@3.3.1))(@dfinity/principal@3.3.1)(@noble/curves@1.9.7)(@noble/hashes@1.8.0)':
    dependencies:
      '@dfinity/agent': 3.3.1(@dfinity/candid@3.3.1(@dfinity/principal@3.3.1))(@dfinity/principal@3.3.1)(@noble/hashes@1.8.0)
      '@dfinity/candid': 3.3.1(@dfinity/principal@3.3.1)
      '@dfinity/principal': 3.3.1
      '@noble/curves': 1.9.7
      '@noble/hashes': 1.8.0

  '@dfinity/principal@3.3.1':
    dependencies:
      '@noble/hashes': 1.8.0

  '@icp-sdk/core@4.1.1(@dfinity/agent@3.3.1(@dfinity/candid@3.3.1(@dfinity/principal@3.3.1))(@dfinity/principal@3.3.1)(@noble/hashes@1.8.0))(@dfinity/candid@3.3.1(@dfinity/principal@3.3.1))(@dfinity/identity-secp256k1@3.3.1(@dfinity/candid@3.3.1(@dfinity/principal@3.3.1))(@dfinity/principal@3.3.1)(@noble/curves@1.9.7)(@noble/hashes@1.8.0))(@dfinity/identity@3.3.1(@dfinity/agent@3.3.1(@dfinity/candid@3.3.1(@dfinity/principal@3.3.1))(@dfinity/principal@3.3.1)(@noble/hashes@1.8.0))(@dfinity/candid@3.3.1(@dfinity/principal@3.3.1))(@dfinity/principal@3.3.1)(@noble/curves@1.9.7)(@noble/hashes@1.8.0))(@dfinity/principal@3.3.1)':
    dependencies:
      '@dfinity/agent': 3.3.1(@dfinity/candid@3.3.1(@dfinity/principal@3.3.1))(@dfinity/principal@3.3.1)(@noble/hashes@1.8.0)
      '@dfinity/candid': 3.3.1(@dfinity/principal@3.3.1)
      '@dfinity/identity': 3.3.1(@dfinity/agent@3.3.1(@dfinity/candid@3.3.1(@dfinity/principal@3.3.1))(@dfinity/principal@3.3.1)(@noble/hashes@1.8.0))(@dfinity/candid@3.3.1(@dfinity/principal@3.3.1))(@dfinity/principal@3.3.1)(@noble/curves@1.9.7)(@noble/hashes@1.8.0)
      '@dfinity/identity-secp256k1': 3.3.1(@dfinity/candid@3.3.1(@dfinity/principal@3.3.1))(@dfinity/principal@3.3.1)(@noble/curves@1.9.7)(@noble/hashes@1.8.0)
      '@dfinity/principal': 3.3.1

  '@noble/curves@1.9.7':
    dependencies:
      '@noble/hashes': 1.8.0

  '@noble/hashes@1.8.0': {}

  '@scure/base@1.2.6': {}

  '@scure/bip32@1.7.0':
    dependencies:
      '@noble/curves': 1.9.7
      '@noble/hashes': 1.8.0
      '@scure/base': 1.2.6

  '@scure/bip39@1.6.0':
    dependencies:
      '@noble/hashes': 1.8.0
      '@scure/base': 1.2.6

  asn1js@3.0.10:
    dependencies:
      pvtsutils: 1.3.6
      pvutils: 1.1.5
      tslib: 2.8.1

  pvtsutils@1.3.6:
    dependencies:
      tslib: 2.8.1

  pvutils@1.1.5: {}

  tslib@2.8.1: {}
